// !$*UTF8*$!
{
	archiveVersion = 1;
	classes = {
	};
	objectVersion = 50;
	objects = {

/* Begin PBXBuildFile section */
		1DF1AF4D2482C510009E773A /* AppDelegate.swift in Sources */ = {isa = PBXBuildFile; fileRef = 1DF1AF4C2482C510009E773A /* AppDelegate.swift */; };
		1DF1AF4F2482C510009E773A /* SceneDelegate.swift in Sources */ = {isa = PBXBuildFile; fileRef = 1DF1AF4E2482C510009E773A /* SceneDelegate.swift */; };
		1DF1AF512482C510009E773A /* ViewController.swift in Sources */ = {isa = PBXBuildFile; fileRef = 1DF1AF502482C510009E773A /* ViewController.swift */; };
		1DF1AF542482C510009E773A /* Main.storyboard in Resources */ = {isa = PBXBuildFile; fileRef = 1DF1AF522482C510009E773A /* Main.storyboard */; };
		1DF1AF562482C511009E773A /* Assets.xcassets in Resources */ = {isa = PBXBuildFile; fileRef = 1DF1AF552482C511009E773A /* Assets.xcassets */; };
		1DF1AF592482C511009E773A /* LaunchScreen.storyboard in Resources */ = {isa = PBXBuildFile; fileRef = 1DF1AF572482C511009E773A /* LaunchScreen.storyboard */; };
		1DF1AF5E2482C512009E773A /* GuessIt WatchKit App.app in Embed Watch Content */ = {isa = PBXBuildFile; fileRef = 1DF1AF5D2482C512009E773A /* GuessIt WatchKit App.app */; settings = {ATTRIBUTES = (RemoveHeadersOnCopy, ); }; };
		1DF1AF642482C512009E773A /* Interface.storyboard in Resources */ = {isa = PBXBuildFile; fileRef = 1DF1AF622482C512009E773A /* Interface.storyboard */; };
		1DF1AF662482C512009E773A /* Assets.xcassets in Resources */ = {isa = PBXBuildFile; fileRef = 1DF1AF652482C512009E773A /* Assets.xcassets */; };
		1DF1AF6D2482C512009E773A /* GuessIt WatchKit Extension.appex in Embed App Extensions */ = {isa = PBXBuildFile; fileRef = 1DF1AF6C2482C512009E773A /* GuessIt WatchKit Extension.appex */; settings = {ATTRIBUTES = (RemoveHeadersOnCopy, ); }; };
		1DF1AF722482C512009E773A /* InterfaceController.swift in Sources */ = {isa = PBXBuildFile; fileRef = 1DF1AF712482C512009E773A /* InterfaceController.swift */; };
		1DF1AF742482C512009E773A /* ExtensionDelegate.swift in Sources */ = {isa = PBXBuildFile; fileRef = 1DF1AF732482C512009E773A /* ExtensionDelegate.swift */; };
		1DF1AF762482C513009E773A /* Assets.xcassets in Resources */ = {isa = PBXBuildFile; fileRef = 1DF1AF752482C513009E773A /* Assets.xcassets */; };
		1DF1AF872482D0C7009E773A /* MovieModel.swift in Sources */ = {isa = PBXBuildFile; fileRef = 1DF1AF862482D0C7009E773A /* MovieModel.swift */; };
/* End PBXBuildFile section */

/* Begin PBXContainerItemProxy section */
		1DF1AF5F2482C512009E773A /* PBXContainerItemProxy */ = {
			isa = PBXContainerItemProxy;
			containerPortal = 1DF1AF412482C50F009E773A /* Project object */;
			proxyType = 1;
			remoteGlobalIDString = 1DF1AF5C2482C512009E773A;
			remoteInfo = "GuessIt WatchKit App";
		};
		1DF1AF6E2482C512009E773A /* PBXContainerItemProxy */ = {
			isa = PBXContainerItemProxy;
			containerPortal = 1DF1AF412482C50F009E773A /* Project object */;
			proxyType = 1;
			remoteGlobalIDString = 1DF1AF6B2482C512009E773A;
			remoteInfo = "GuessIt WatchKit Extension";
		};
/* End PBXContainerItemProxy section */

/* Begin PBXCopyFilesBuildPhase section */
		1DF1AF7D2482C513009E773A /* Embed App Extensions */ = {
			isa = PBXCopyFilesBuildPhase;
			buildActionMask = 2147483647;
			dstPath = "";
			dstSubfolderSpec = 13;
			files = (
				1DF1AF6D2482C512009E773A /* GuessIt WatchKit Extension.appex in Embed App Extensions */,
			);
			name = "Embed App Extensions";
			runOnlyForDeploymentPostprocessing = 0;
		};
		1DF1AF812482C513009E773A /* Embed Watch Content */ = {
			isa = PBXCopyFilesBuildPhase;
			buildActionMask = 2147483647;
			dstPath = "$(CONTENTS_FOLDER_PATH)/Watch";
			dstSubfolderSpec = 16;
			files = (
				1DF1AF5E2482C512009E773A /* GuessIt WatchKit App.app in Embed Watch Content */,
			);
			name = "Embed Watch Content";
			runOnlyForDeploymentPostprocessing = 0;
		};
/* End PBXCopyFilesBuildPhase section */

/* Begin PBXFileReference section */
		1DF1AF492482C510009E773A /* GuessIt.app */ = {isa = PBXFileReference; explicitFileType = wrapper.application; includeInIndex = 0; path = GuessIt.app; sourceTree = BUILT_PRODUCTS_DIR; };
		1DF1AF4C2482C510009E773A /* AppDelegate.swift */ = {isa = PBXFileReference; lastKnownFileType = sourcecode.swift; path = AppDelegate.swift; sourceTree = "<group>"; };
		1DF1AF4E2482C510009E773A /* SceneDelegate.swift */ = {isa = PBXFileReference; lastKnownFileType = sourcecode.swift; path = SceneDelegate.swift; sourceTree = "<group>"; };
		1DF1AF502482C510009E773A /* ViewController.swift */ = {isa = PBXFileReference; lastKnownFileType = sourcecode.swift; path = ViewController.swift; sourceTree = "<group>"; };
		1DF1AF532482C510009E773A /* Base */ = {isa = PBXFileReference; lastKnownFileType = file.storyboard; name = Base; path = Base.lproj/Main.storyboard; sourceTree = "<group>"; };
		1DF1AF552482C511009E773A /* Assets.xcassets */ = {isa = PBXFileReference; lastKnownFileType = folder.assetcatalog; path = Assets.xcassets; sourceTree = "<group>"; };
		1DF1AF582482C511009E773A /* Base */ = {isa = PBXFileReference; lastKnownFileType = file.storyboard; name = Base; path = Base.lproj/LaunchScreen.storyboard; sourceTree = "<group>"; };
		1DF1AF5A2482C511009E773A /* Info.plist */ = {isa = PBXFileReference; lastKnownFileType = text.plist.xml; path = Info.plist; sourceTree = "<group>"; };
		1DF1AF5D2482C512009E773A /* GuessIt WatchKit App.app */ = {isa = PBXFileReference; explicitFileType = wrapper.application; includeInIndex = 0; path = "GuessIt WatchKit App.app"; sourceTree = BUILT_PRODUCTS_DIR; };
		1DF1AF632482C512009E773A /* Base */ = {isa = PBXFileReference; lastKnownFileType = file.storyboard; name = Base; path = Base.lproj/Interface.storyboard; sourceTree = "<group>"; };
		1DF1AF652482C512009E773A /* Assets.xcassets */ = {isa = PBXFileReference; lastKnownFileType = folder.assetcatalog; path = Assets.xcassets; sourceTree = "<group>"; };
		1DF1AF672482C512009E773A /* Info.plist */ = {isa = PBXFileReference; lastKnownFileType = text.plist.xml; path = Info.plist; sourceTree = "<group>"; };
		1DF1AF6C2482C512009E773A /* GuessIt WatchKit Extension.appex */ = {isa = PBXFileReference; explicitFileType = "wrapper.app-extension"; includeInIndex = 0; path = "GuessIt WatchKit Extension.appex"; sourceTree = BUILT_PRODUCTS_DIR; };
		1DF1AF712482C512009E773A /* InterfaceController.swift */ = {isa = PBXFileReference; lastKnownFileType = sourcecode.swift; path = InterfaceController.swift; sourceTree = "<group>"; };
		1DF1AF732482C512009E773A /* ExtensionDelegate.swift */ = {isa = PBXFileReference; lastKnownFileType = sourcecode.swift; path = ExtensionDelegate.swift; sourceTree = "<group>"; };
		1DF1AF752482C513009E773A /* Assets.xcassets */ = {isa = PBXFileReference; lastKnownFileType = folder.assetcatalog; path = Assets.xcassets; sourceTree = "<group>"; };
		1DF1AF772482C513009E773A /* Info.plist */ = {isa = PBXFileReference; lastKnownFileType = text.plist.xml; path = Info.plist; sourceTree = "<group>"; };
		1DF1AF862482D0C7009E773A /* MovieModel.swift */ = {isa = PBXFileReference; lastKnownFileType = sourcecode.swift; path = MovieModel.swift; sourceTree = "<group>"; };
/* End PBXFileReference section */

/* Begin PBXFrameworksBuildPhase section */
		1DF1AF462482C50F009E773A /* Frameworks */ = {
			isa = PBXFrameworksBuildPhase;
			buildActionMask = 2147483647;
			files = (
			);
			runOnlyForDeploymentPostprocessing = 0;
		};
		1DF1AF692482C512009E773A /* Frameworks */ = {
			isa = PBXFrameworksBuildPhase;
			buildActionMask = 2147483647;
			files = (
			);
			runOnlyForDeploymentPostprocessing = 0;
		};
/* End PBXFrameworksBuildPhase section */

/* Begin PBXGroup section */
		1DF1AF402482C50F009E773A = {
			isa = PBXGroup;
			children = (
				1DF1AF4B2482C510009E773A /* GuessIt */,
				1DF1AF612482C512009E773A /* GuessIt WatchKit App */,
				1DF1AF702482C512009E773A /* GuessIt WatchKit Extension */,
				1DF1AF4A2482C510009E773A /* Products */,
			);
			sourceTree = "<group>";
		};
		1DF1AF4A2482C510009E773A /* Products */ = {
			isa = PBXGroup;
			children = (
				1DF1AF492482C510009E773A /* GuessIt.app */,
				1DF1AF5D2482C512009E773A /* GuessIt WatchKit App.app */,
				1DF1AF6C2482C512009E773A /* GuessIt WatchKit Extension.appex */,
			);
			name = Products;
			sourceTree = "<group>";
		};
		1DF1AF4B2482C510009E773A /* GuessIt */ = {
			isa = PBXGroup;
			children = (
				1DF1AF4C2482C510009E773A /* AppDelegate.swift */,
				1DF1AF4E2482C510009E773A /* SceneDelegate.swift */,
				1DF1AF502482C510009E773A /* ViewController.swift */,
				1DF1AF522482C510009E773A /* Main.storyboard */,
				1DF1AF552482C511009E773A /* Assets.xcassets */,
				1DF1AF572482C511009E773A /* LaunchScreen.storyboard */,
				1DF1AF5A2482C511009E773A /* Info.plist */,
			);
			path = GuessIt;
			sourceTree = "<group>";
		};
		1DF1AF612482C512009E773A /* GuessIt WatchKit App */ = {
			isa = PBXGroup;
			children = (
				1DF1AF622482C512009E773A /* Interface.storyboard */,
				1DF1AF652482C512009E773A /* Assets.xcassets */,
				1DF1AF672482C512009E773A /* Info.plist */,
			);
			path = "GuessIt WatchKit App";
			sourceTree = "<group>";
		};
		1DF1AF702482C512009E773A /* GuessIt WatchKit Extension */ = {
			isa = PBXGroup;
			children = (
				1DF1AF852482D09E009E773A /* Model */,
				1DF1AF712482C512009E773A /* InterfaceController.swift */,
				1DF1AF732482C512009E773A /* ExtensionDelegate.swift */,
				1DF1AF752482C513009E773A /* Assets.xcassets */,
				1DF1AF772482C513009E773A /* Info.plist */,
			);
			path = "GuessIt WatchKit Extension";
			sourceTree = "<group>";
		};
		1DF1AF852482D09E009E773A /* Model */ = {
			isa = PBXGroup;
			children = (
				1DF1AF862482D0C7009E773A /* MovieModel.swift */,
			);
			path = Model;
			sourceTree = "<group>";
		};
/* End PBXGroup section */

/* Begin PBXNativeTarget section */
		1DF1AF482482C50F009E773A /* GuessIt */ = {
			isa = PBXNativeTarget;
			buildConfigurationList = 1DF1AF822482C513009E773A /* Build configuration list for PBXNativeTarget "GuessIt" */;
			buildPhases = (
				1DF1AF452482C50F009E773A /* Sources */,
				1DF1AF462482C50F009E773A /* Frameworks */,
				1DF1AF472482C50F009E773A /* Resources */,
				1DF1AF812482C513009E773A /* Embed Watch Content */,
			);
			buildRules = (
			);
			dependencies = (
				1DF1AF602482C512009E773A /* PBXTargetDependency */,
			);
			name = GuessIt;
			productName = GuessIt;
			productReference = 1DF1AF492482C510009E773A /* GuessIt.app */;
			productType = "com.apple.product-type.application";
		};
		1DF1AF5C2482C512009E773A /* GuessIt WatchKit App */ = {
			isa = PBXNativeTarget;
			buildConfigurationList = 1DF1AF7E2482C513009E773A /* Build configuration list for PBXNativeTarget "GuessIt WatchKit App" */;
			buildPhases = (
				1DF1AF5B2482C512009E773A /* Resources */,
				1DF1AF7D2482C513009E773A /* Embed App Extensions */,
			);
			buildRules = (
			);
			dependencies = (
				1DF1AF6F2482C512009E773A /* PBXTargetDependency */,
			);
			name = "GuessIt WatchKit App";
			productName = "GuessIt WatchKit App";
			productReference = 1DF1AF5D2482C512009E773A /* GuessIt WatchKit App.app */;
			productType = "com.apple.product-type.application.watchapp2";
		};
		1DF1AF6B2482C512009E773A /* GuessIt WatchKit Extension */ = {
			isa = PBXNativeTarget;
			buildConfigurationList = 1DF1AF7A2482C513009E773A /* Build configuration list for PBXNativeTarget "GuessIt WatchKit Extension" */;
			buildPhases = (
				1DF1AF682482C512009E773A /* Sources */,
				1DF1AF692482C512009E773A /* Frameworks */,
				1DF1AF6A2482C512009E773A /* Resources */,
			);
			buildRules = (
			);
			dependencies = (
			);
			name = "GuessIt WatchKit Extension";
			productName = "GuessIt WatchKit Extension";
			productReference = 1DF1AF6C2482C512009E773A /* GuessIt WatchKit Extension.appex */;
			productType = "com.apple.product-type.watchkit2-extension";
		};
/* End PBXNativeTarget section */

/* Begin PBXProject section */
		1DF1AF412482C50F009E773A /* Project object */ = {
			isa = PBXProject;
			attributes = {
				LastSwiftUpdateCheck = 1150;
				LastUpgradeCheck = 1150;
				ORGANIZATIONNAME = "Ramill Ibragimov";
				TargetAttributes = {
					1DF1AF482482C50F009E773A = {
						CreatedOnToolsVersion = 11.5;
					};
					1DF1AF5C2482C512009E773A = {
						CreatedOnToolsVersion = 11.5;
					};
					1DF1AF6B2482C512009E773A = {
						CreatedOnToolsVersion = 11.5;
					};
				};
			};
			buildConfigurationList = 1DF1AF442482C50F009E773A /* Build configuration list for PBXProject "GuessIt" */;
			compatibilityVersion = "Xcode 9.3";
			developmentRegion = en;
			hasScannedForEncodings = 0;
			knownRegions = (
				en,
				Base,
			);
			mainGroup = 1DF1AF402482C50F009E773A;
			productRefGroup = 1DF1AF4A2482C510009E773A /* Products */;
			projectDirPath = "";
			projectRoot = "";
			targets = (
				1DF1AF482482C50F009E773A /* GuessIt */,
				1DF1AF5C2482C512009E773A /* GuessIt WatchKit App */,
				1DF1AF6B2482C512009E773A /* GuessIt WatchKit Extension */,
			);
		};
/* End PBXProject section */

/* Begin PBXResourcesBuildPhase section */
		1DF1AF472482C50F009E773A /* Resources */ = {
			isa = PBXResourcesBuildPhase;
			buildActionMask = 2147483647;
			files = (
				1DF1AF592482C511009E773A /* LaunchScreen.storyboard in Resources */,
				1DF1AF562482C511009E773A /* Assets.xcassets in Resources */,
				1DF1AF542482C510009E773A /* Main.storyboard in Resources */,
			);
			runOnlyForDeploymentPostprocessing = 0;
		};
		1DF1AF5B2482C512009E773A /* Resources */ = {
			isa = PBXResourcesBuildPhase;
			buildActionMask = 2147483647;
			files = (
				1DF1AF662482C512009E773A /* Assets.xcassets in Resources */,
				1DF1AF642482C512009E773A /* Interface.storyboard in Resources */,
			);
			runOnlyForDeploymentPostprocessing = 0;
		};
		1DF1AF6A2482C512009E773A /* Resources */ = {
			isa = PBXResourcesBuildPhase;
			buildActionMask = 2147483647;
			files = (
				1DF1AF762482C513009E773A /* Assets.xcassets in Resources */,
			);
			runOnlyForDeploymentPostprocessing = 0;
		};
/* End PBXResourcesBuildPhase section */

/* Begin PBXSourcesBuildPhase section */
		1DF1AF452482C50F009E773A /* Sources */ = {
			isa = PBXSourcesBuildPhase;
			buildActionMask = 2147483647;
			files = (
				1DF1AF512482C510009E773A /* ViewController.swift in Sources */,
				1DF1AF4D2482C510009E773A /* AppDelegate.swift in Sources */,
				1DF1AF4F2482C510009E773A /* SceneDelegate.swift in Sources */,
			);
			runOnlyForDeploymentPostprocessing = 0;
		};
		1DF1AF682482C512009E773A /* Sources */ = {
			isa = PBXSourcesBuildPhase;
			buildActionMask = 2147483647;
			files = (
				1DF1AF872482D0C7009E773A /* MovieModel.swift in Sources */,
				1DF1AF742482C512009E773A /* ExtensionDelegate.swift in Sources */,
				1DF1AF722482C512009E773A /* InterfaceController.swift in Sources */,
			);
			runOnlyForDeploymentPostprocessing = 0;
		};
/* End PBXSourcesBuildPhase section */

/* Begin PBXTargetDependency section */
		1DF1AF602482C512009E773A /* PBXTargetDependency */ = {
			isa = PBXTargetDependency;
			target = 1DF1AF5C2482C512009E773A /* GuessIt WatchKit App */;
			targetProxy = 1DF1AF5F2482C512009E773A /* PBXContainerItemProxy */;
		};
		1DF1AF6F2482C512009E773A /* PBXTargetDependency */ = {
			isa = PBXTargetDependency;
			target = 1DF1AF6B2482C512009E773A /* GuessIt WatchKit Extension */;
			targetProxy = 1DF1AF6E2482C512009E773A /* PBXContainerItemProxy */;
		};
/* End PBXTargetDependency section */

/* Begin PBXVariantGroup section */
		1DF1AF522482C510009E773A /* Main.storyboard */ = {
			isa = PBXVariantGroup;
			children = (
				1DF1AF532482C510009E773A /* Base */,
			);
			name = Main.storyboard;
			sourceTree = "<group>";
		};
		1DF1AF572482C511009E773A /* LaunchScreen.storyboard */ = {
			isa = PBXVariantGroup;
			children = (
				1DF1AF582482C511009E773A /* Base */,
			);
			name = LaunchScreen.storyboard;
			sourceTree = "<group>";
		};
		1DF1AF622482C512009E773A /* Interface.storyboard */ = {
			isa = PBXVariantGroup;
			children = (
				1DF1AF632482C512009E773A /* Base */,
			);
			name = Interface.storyboard;
			sourceTree = "<group>";
		};
/* End PBXVariantGroup section */

/* Begin XCBuildConfiguration section */
		1DF1AF782482C513009E773A /* Debug */ = {
			isa = XCBuildConfiguration;
			buildSettings = {
				ALWAYS_SEARCH_USER_PATHS = NO;
				CLANG_ANALYZER_NONNULL = YES;
				CLANG_ANALYZER_NUMBER_OBJECT_CONVERSION = YES_AGGRESSIVE;
				CLANG_CXX_LANGUAGE_STANDARD = "gnu++14";
				CLANG_CXX_LIBRARY = "libc++";
				CLANG_ENABLE_MODULES = YES;
				CLANG_ENABLE_OBJC_ARC = YES;
				CLANG_ENABLE_OBJC_WEAK = YES;
				CLANG_WARN_BLOCK_CAPTURE_AUTORELEASING = YES;
				CLANG_WARN_BOOL_CONVERSION = YES;
				CLANG_WARN_COMMA = YES;
				CLANG_WARN_CONSTANT_CONVERSION = YES;
				CLANG_WARN_DEPRECATED_OBJC_IMPLEMENTATIONS = YES;
				CLANG_WARN_DIRECT_OBJC_ISA_USAGE = YES_ERROR;
				CLANG_WARN_DOCUMENTATION_COMMENTS = YES;
				CLANG_WARN_EMPTY_BODY = YES;
				CLANG_WARN_ENUM_CONVERSION = YES;
				CLANG_WARN_INFINITE_RECURSION = YES;
				CLANG_WARN_INT_CONVERSION = YES;
				CLANG_WARN_NON_LITERAL_NULL_CONVERSION = YES;
				CLANG_WARN_OBJC_IMPLICIT_RETAIN_SELF = YES;
				CLANG_WARN_OBJC_LITERAL_CONVERSION = YES;
				CLANG_WARN_OBJC_ROOT_CLASS = YES_ERROR;
				CLANG_WARN_RANGE_LOOP_ANALYSIS = YES;
				CLANG_WARN_STRICT_PROTOTYPES = YES;
				CLANG_WARN_SUSPICIOUS_MOVE = YES;
				CLANG_WARN_UNGUARDED_AVAILABILITY = YES_AGGRESSIVE;
				CLANG_WARN_UNREACHABLE_CODE = YES;
				CLANG_WARN__DUPLICATE_METHOD_MATCH = YES;
				COPY_PHASE_STRIP = NO;
				DEBUG_INFORMATION_FORMAT = dwarf;
				ENABLE_STRICT_OBJC_MSGSEND = YES;
				ENABLE_TESTABILITY = YES;
				GCC_C_LANGUAGE_STANDARD = gnu11;
				GCC_DYNAMIC_NO_PIC = NO;
				GCC_NO_COMMON_BLOCKS = YES;
				GCC_OPTIMIZATION_LEVEL = 0;
				GCC_PREPROCESSOR_DEFINITIONS = (
					"DEBUG=1",
					"$(inherited)",
				);
				GCC_WARN_64_TO_32_BIT_CONVERSION = YES;
				GCC_WARN_ABOUT_RETURN_TYPE = YES_ERROR;
				GCC_WARN_UNDECLARED_SELECTOR = YES;
				GCC_WARN_UNINITIALIZED_AUTOS = YES_AGGRESSIVE;
				GCC_WARN_UNUSED_FUNCTION = YES;
				GCC_WARN_UNUSED_VARIABLE = YES;
				IPHONEOS_DEPLOYMENT_TARGET = 13.5;
				MTL_ENABLE_DEBUG_INFO = INCLUDE_SOURCE;
				MTL_FAST_MATH = YES;
				ONLY_ACTIVE_ARCH = YES;
				SDKROOT = iphoneos;
				SWIFT_ACTIVE_COMPILATION_CONDITIONS = DEBUG;
				SWIFT_OPTIMIZATION_LEVEL = "-Onone";
			};
			name = Debug;
		};
		1DF1AF792482C513009E773A /* Release */ = {
			isa = XCBuildConfiguration;
			buildSettings = {
				ALWAYS_SEARCH_USER_PATHS = NO;
				CLANG_ANALYZER_NONNULL = YES;
				CLANG_ANALYZER_NUMBER_OBJECT_CONVERSION = YES_AGGRESSIVE;
				CLANG_CXX_LANGUAGE_STANDARD = "gnu++14";
				CLANG_CXX_LIBRARY = "libc++";
				CLANG_ENABLE_MODULES = YES;
				CLANG_ENABLE_OBJC_ARC = YES;
				CLANG_ENABLE_OBJC_WEAK = YES;
				CLANG_WARN_BLOCK_CAPTURE_AUTORELEASING = YES;
				CLANG_WARN_BOOL_CONVERSION = YES;
				CLANG_WARN_COMMA = YES;
				CLANG_WARN_CONSTANT_CONVERSION = YES;
				CLANG_WARN_DEPRECATED_OBJC_IMPLEMENTATIONS = YES;
				CLANG_WARN_DIRECT_OBJC_ISA_USAGE = YES_ERROR;
				CLANG_WARN_DOCUMENTATION_COMMENTS = YES;
				CLANG_WARN_EMPTY_BODY = YES;
				CLANG_WARN_ENUM_CONVERSION = YES;
				CLANG_WARN_INFINITE_RECURSION = YES;
				CLANG_WARN_INT_CONVERSION = YES;
				CLANG_WARN_NON_LITERAL_NULL_CONVERSION = YES;
				CLANG_WARN_OBJC_IMPLICIT_RETAIN_SELF = YES;
				CLANG_WARN_OBJC_LITERAL_CONVERSION = YES;
				CLANG_WARN_OBJC_ROOT_CLASS = YES_ERROR;
				CLANG_WARN_RANGE_LOOP_ANALYSIS = YES;
				CLANG_WARN_STRICT_PROTOTYPES = YES;
				CLANG_WARN_SUSPICIOUS_MOVE = YES;
				CLANG_WARN_UNGUARDED_AVAILABILITY = YES_AGGRESSIVE;
				CLANG_WARN_UNREACHABLE_CODE = YES;
				CLANG_WARN__DUPLICATE_METHOD_MATCH = YES;
				COPY_PHASE_STRIP = NO;
				DEBUG_INFORMATION_FORMAT = "dwarf-with-dsym";
				ENABLE_NS_ASSERTIONS = NO;
				ENABLE_STRICT_OBJC_MSGSEND = YES;
				GCC_C_LANGUAGE_STANDARD = gnu11;
				GCC_NO_COMMON_BLOCKS = YES;
				GCC_WARN_64_TO_32_BIT_CONVERSION = YES;
				GCC_WARN_ABOUT_RETURN_TYPE = YES_ERROR;
				GCC_WARN_UNDECLARED_SELECTOR = YES;
				GCC_WARN_UNINITIALIZED_AUTOS = YES_AGGRESSIVE;
				GCC_WARN_UNUSED_FUNCTION = YES;
				GCC_WARN_UNUSED_VARIABLE = YES;
				IPHONEOS_DEPLOYMENT_TARGET = 13.5;
				MTL_ENABLE_DEBUG_INFO = NO;
				MTL_FAST_MATH = YES;
				SDKROOT = iphoneos;
				SWIFT_COMPILATION_MODE = wholemodule;
				SWIFT_OPTIMIZATION_LEVEL = "-O";
				VALIDATE_PRODUCT = YES;
			};
			name = Release;
		};
		1DF1AF7B2482C513009E773A /* Debug */ = {
			isa = XCBuildConfiguration;
			buildSettings = {
				ASSETCATALOG_COMPILER_COMPLICATION_NAME = Complication;
				CODE_SIGN_STYLE = Automatic;
				DEVELOPMENT_TEAM = L8W86DZDY2;
				INFOPLIST_FILE = "GuessIt WatchKit Extension/Info.plist";
				LD_RUNPATH_SEARCH_PATHS = (
					"$(inherited)",
					"@executable_path/Frameworks",
					"@executable_path/../../Frameworks",
				);
				PRODUCT_BUNDLE_IDENTIFIER = com.ri.GuessIt.watchkitapp.watchkitextension;
				PRODUCT_NAME = "${TARGET_NAME}";
				SDKROOT = watchos;
				SKIP_INSTALL = YES;
				SWIFT_VERSION = 5.0;
				TARGETED_DEVICE_FAMILY = 4;
				WATCHOS_DEPLOYMENT_TARGET = 6.2;
			};
			name = Debug;
		};
		1DF1AF7C2482C513009E773A /* Release */ = {
			isa = XCBuildConfiguration;
			buildSettings = {
				ASSETCATALOG_COMPILER_COMPLICATION_NAME = Complication;
				CODE_SIGN_STYLE = Automatic;
				DEVELOPMENT_TEAM = L8W86DZDY2;
				INFOPLIST_FILE = "GuessIt WatchKit Extension/Info.plist";
				LD_RUNPATH_SEARCH_PATHS = (
					"$(inherited)",
					"@executable_path/Frameworks",
					"@executable_path/../../Frameworks",
				);
				PRODUCT_BUNDLE_IDENTIFIER = com.ri.GuessIt.watchkitapp.watchkitextension;
				PRODUCT_NAME = "${TARGET_NAME}";
				SDKROOT = watchos;
				SKIP_INSTALL = YES;
				SWIFT_VERSION = 5.0;
				TARGETED_DEVICE_FAMILY = 4;
				WATCHOS_DEPLOYMENT_TARGET = 6.2;
			};
			name = Release;
		};
		1DF1AF7F2482C513009E773A /* Debug */ = {
			isa = XCBuildConfiguration;
			buildSettings = {
				ALWAYS_EMBED_SWIFT_STANDARD_LIBRARIES = YES;
				ASSETCATALOG_COMPILER_APPICON_NAME = AppIcon;
				CODE_SIGN_STYLE = Automatic;
				DEVELOPMENT_TEAM = L8W86DZDY2;
				IBSC_MODULE = GuessIt_WatchKit_Extension;
				INFOPLIST_FILE = "GuessIt WatchKit App/Info.plist";
				PRODUCT_BUNDLE_IDENTIFIER = com.ri.GuessIt.watchkitapp;
				PRODUCT_NAME = "$(TARGET_NAME)";
				SDKROOT = watchos;
				SKIP_INSTALL = YES;
				SWIFT_VERSION = 5.0;
				TARGETED_DEVICE_FAMILY = 4;
				WATCHOS_DEPLOYMENT_TARGET = 6.2;
			};
			name = Debug;
		};
		1DF1AF802482C513009E773A /* Release */ = {
			isa = XCBuildConfiguration;
			buildSettings = {
				ALWAYS_EMBED_SWIFT_STANDARD_LIBRARIES = YES;
				ASSETCATALOG_COMPILER_APPICON_NAME = AppIcon;
				CODE_SIGN_STYLE = Automatic;
				DEVELOPMENT_TEAM = L8W86DZDY2;
				IBSC_MODULE = GuessIt_WatchKit_Extension;
				INFOPLIST_FILE = "GuessIt WatchKit App/Info.plist";
				PRODUCT_BUNDLE_IDENTIFIER = com.ri.GuessIt.watchkitapp;
				PRODUCT_NAME = "$(TARGET_NAME)";
				SDKROOT = watchos;
				SKIP_INSTALL = YES;
				SWIFT_VERSION = 5.0;
				TARGETED_DEVICE_FAMILY = 4;
				WATCHOS_DEPLOYMENT_TARGET = 6.2;
			};
			name = Release;
		};
		1DF1AF832482C513009E773A /* Debug */ = {
			isa = XCBuildConfiguration;
			buildSettings = {
				ASSETCATALOG_COMPILER_APPICON_NAME = AppIcon;
				CODE_SIGN_STYLE = Automatic;
				DEVELOPMENT_TEAM = L8W86DZDY2;
				INFOPLIST_FILE = GuessIt/Info.plist;
				LD_RUNPATH_SEARCH_PATHS = (
					"$(inherited)",
					"@executable_path/Frameworks",
				);
				PRODUCT_BUNDLE_IDENTIFIER = com.ri.GuessIt;
				PRODUCT_NAME = "$(TARGET_NAME)";
				SWIFT_VERSION = 5.0;
				TARGETED_DEVICE_FAMILY = "1,2";
			};
			name = Debug;
		};
		1DF1AF842482C513009E773A /* Release */ = {
			isa = XCBuildConfiguration;
			buildSettings = {
				ASSETCATALOG_COMPILER_APPICON_NAME = AppIcon;
				CODE_SIGN_STYLE = Automatic;
				DEVELOPMENT_TEAM = L8W86DZDY2;
				INFOPLIST_FILE = GuessIt/Info.plist;
				LD_RUNPATH_SEARCH_PATHS = (
					"$(inherited)",
					"@executable_path/Frameworks",
				);
				PRODUCT_BUNDLE_IDENTIFIER = com.ri.GuessIt;
				PRODUCT_NAME = "$(TARGET_NAME)";
				SWIFT_VERSION = 5.0;
				TARGETED_DEVICE_FAMILY = "1,2";
			};
			name = Release;
		};
/* End XCBuildConfiguration section */

/* Begin XCConfigurationList section */
		1DF1AF442482C50F009E773A /* Build configuration list for PBXProject "GuessIt" */ = {
			isa = XCConfigurationList;
			buildConfigurations = (
				1DF1AF782482C513009E773A /* Debug */,
				1DF1AF792482C513009E773A /* Release */,
			);
			defaultConfigurationIsVisible = 0;
			defaultConfigurationName = Release;
		};
		1DF1AF7A2482C513009E773A /* Build configuration list for PBXNativeTarget "GuessIt WatchKit Extension" */ = {
			isa = XCConfigurationList;
			buildConfigurations = (
				1DF1AF7B2482C513009E773A /* Debug */,
				1DF1AF7C2482C513009E773A /* Release */,
			);
			defaultConfigurationIsVisible = 0;
			defaultConfigurationName = Release;
		};
		1DF1AF7E2482C513009E773A /* Build configuration list for PBXNativeTarget "GuessIt WatchKit App" */ = {
			isa = XCConfigurationList;
			buildConfigurations = (
				1DF1AF7F2482C513009E773A /* Debug */,
				1DF1AF802482C513009E773A /* Release */,
			);
			defaultConfigurationIsVisible = 0;
			defaultConfigurationName = Release;
		};
		1DF1AF822482C513009E773A /* Build configuration list for PBXNativeTarget "GuessIt" */ = {
			isa = XCConfigurationList;
			buildConfigurations = (
				1DF1AF832482C513009E773A /* Debug */,
				1DF1AF842482C513009E773A /* Release */,
			);
			defaultConfigurationIsVisible = 0;
			defaultConfigurationName = Release;
		};
/* End XCConfigurationList section */
	};
	rootObject = 1DF1AF412482C50F009E773A /* Project object */;
}
